
Microsoft Visual Studio Solution File, Format Version 12.00
# Visual Studio 2017
Project("{FAE04EC0-301F-11D3-BF4B-00C04F79EFBC}") = "Project_Y", "Project_Y.csproj", "{2C443853-91C7-62C6-F9AB-E1E78845B62C}"
EndProject
Global
	GlobalSection(SolutionConfigurationPlatforms) = preSolution
		Debug|Any CPU = Debug|Any CPU
		Release|Any CPU = Release|Any CPU
	EndGlobalSection
	GlobalSection(ProjectConfigurationPlatforms) = postSolution
		{2C443853-91C7-62C6-F9AB-E1E78845B62C}.Debug|Any CPU.ActiveCfg = Debug|Any CPU
		{2C443853-91C7-62C6-F9AB-E1E78845B62C}.Debug|Any CPU.Build.0 = Debug|Any CPU
		{2C443853-91C7-62C6-F9AB-E1E78845B62C}.Release|Any CPU.ActiveCfg = Release|Any CPU
		{2C443853-91C7-62C6-F9AB-E1E78845B62C}.Release|Any CPU.Build.0 = Release|Any CPU
	EndGlobalSection
	GlobalSection(SolutionProperties) = preSolution
		HideSolutionNode = FALSE
	EndGlobalSection
EndGlobal
